
Microsoft Visual Studio Solution File, Format Version 12.00
# Visual Studio Version 16
VisualStudioVersion = 16.0.31729.503
MinimumVisualStudioVersion = 10.0.40219.1
Project("{FAE04EC0-301F-11D3-BF4B-00C04F79EFBC}") = "Ex01_01", "Ex01_01\Ex01_01.csproj", "{F8D69ED9-811F-4EDA-9DAA-524C5FF21A44}"
EndProject
Project("{FAE04EC0-301F-11D3-BF4B-00C04F79EFBC}") = "Ex01_02", "Ex01_02\Ex01_02.csproj", "{1832F8D8-59C8-40DE-8113-CE38FCFEBA4F}"
EndProject
Project("{FAE04EC0-301F-11D3-BF4B-00C04F79EFBC}") = "Ex01_03", "Ex01_03\Ex01_03.csproj", "{DBBC8B13-EF2E-4EFC-AD04-646BE4248D16}"
EndProject
Project("{FAE04EC0-301F-11D3-BF4B-00C04F79EFBC}") = "Ex01_04", "Ex01_04\Ex01_04.csproj", "{B4BD1A4B-FCE5-45D5-94E2-65B93ECB76CE}"
EndProject
Project("{FAE04EC0-301F-11D3-BF4B-00C04F79EFBC}") = "Ex01_05", "Ex01_05\Ex01_05.csproj", "{6C554727-D261-4053-B4CA-73682F8872EE}"
EndProject
Global
	GlobalSection(SolutionConfigurationPlatforms) = preSolution
		Debug|Any CPU = Debug|Any CPU
		Release|Any CPU = Release|Any CPU
	EndGlobalSection
	GlobalSection(ProjectConfigurationPlatforms) = postSolution
		{F8D69ED9-811F-4EDA-9DAA-524C5FF21A44}.Debug|Any CPU.ActiveCfg = Debug|Any CPU
		{F8D69ED9-811F-4EDA-9DAA-524C5FF21A44}.Debug|Any CPU.Build.0 = Debug|Any CPU
		{F8D69ED9-811F-4EDA-9DAA-524C5FF21A44}.Release|Any CPU.ActiveCfg = Release|Any CPU
		{F8D69ED9-811F-4EDA-9DAA-524C5FF21A44}.Release|Any CPU.Build.0 = Release|Any CPU
		{1832F8D8-59C8-40DE-8113-CE38FCFEBA4F}.Debug|Any CPU.ActiveCfg = Debug|Any CPU
		{1832F8D8-59C8-40DE-8113-CE38FCFEBA4F}.Debug|Any CPU.Build.0 = Debug|Any CPU
		{1832F8D8-59C8-40DE-8113-CE38FCFEBA4F}.Release|Any CPU.ActiveCfg = Release|Any CPU
		{1832F8D8-59C8-40DE-8113-CE38FCFEBA4F}.Release|Any CPU.Build.0 = Release|Any CPU
		{DBBC8B13-EF2E-4EFC-AD04-646BE4248D16}.Debug|Any CPU.ActiveCfg = Debug|Any CPU
		{DBBC8B13-EF2E-4EFC-AD04-646BE4248D16}.Debug|Any CPU.Build.0 = Debug|Any CPU
		{DBBC8B13-EF2E-4EFC-AD04-646BE4248D16}.Release|Any CPU.ActiveCfg = Release|Any CPU
		{DBBC8B13-EF2E-4EFC-AD04-646BE4248D16}.Release|Any CPU.Build.0 = Release|Any CPU
		{B4BD1A4B-FCE5-45D5-94E2-65B93ECB76CE}.Debug|Any CPU.ActiveCfg = Debug|Any CPU
		{B4BD1A4B-FCE5-45D5-94E2-65B93ECB76CE}.Debug|Any CPU.Build.0 = Debug|Any CPU
		{B4BD1A4B-FCE5-45D5-94E2-65B93ECB76CE}.Release|Any CPU.ActiveCfg = Release|Any CPU
		{B4BD1A4B-FCE5-45D5-94E2-65B93ECB76CE}.Release|Any CPU.Build.0 = Release|Any CPU
		{6C554727-D261-4053-B4CA-73682F8872EE}.Debug|Any CPU.ActiveCfg = Debug|Any CPU
		{6C554727-D261-4053-B4CA-73682F8872EE}.Debug|Any CPU.Build.0 = Debug|Any CPU
		{6C554727-D261-4053-B4CA-73682F8872EE}.Release|Any CPU.ActiveCfg = Release|Any CPU
		{6C554727-D261-4053-B4CA-73682F8872EE}.Release|Any CPU.Build.0 = Release|Any CPU
	EndGlobalSection
	GlobalSection(SolutionProperties) = preSolution
		HideSolutionNode = FALSE
	EndGlobalSection
	GlobalSection(ExtensibilityGlobals) = postSolution
		SolutionGuid = {1E490506-97C2-4AE4-880F-5BE8F21086A5}
	EndGlobalSection
EndGlobal
