
Microsoft Visual Studio Solution File, Format Version 12.00
# Visual Studio Version 16
VisualStudioVersion = 16.0.31729.503
MinimumVisualStudioVersion = 10.0.40219.1
Project("{FAE04EC0-301F-11D3-BF4B-00C04F79EFBC}") = "Ex03.ConsoleUI", "Ex03.ConsoleUI\Ex03.ConsoleUI.csproj", "{9F89608D-FACD-4533-89CB-36181F37FBF4}"
EndProject
Project("{FAE04EC0-301F-11D3-BF4B-00C04F79EFBC}") = "Ex03.GarageLogic", "Ex03.GarageLogic\Ex03.GarageLogic.csproj", "{09C6E6CA-962F-4743-AC9D-286194C14B84}"
EndProject
Global
	GlobalSection(SolutionConfigurationPlatforms) = preSolution
		Debug|Any CPU = Debug|Any CPU
		Release|Any CPU = Release|Any CPU
	EndGlobalSection
	GlobalSection(ProjectConfigurationPlatforms) = postSolution
		{09C6E6CA-962F-4743-AC9D-286194C14B84}.Debug|Any CPU.ActiveCfg = Debug|Any CPU
		{09C6E6CA-962F-4743-AC9D-286194C14B84}.Debug|Any CPU.Build.0 = Debug|Any CPU
		{09C6E6CA-962F-4743-AC9D-286194C14B84}.Release|Any CPU.ActiveCfg = Release|Any CPU
		{09C6E6CA-962F-4743-AC9D-286194C14B84}.Release|Any CPU.Build.0 = Release|Any CPU
		{9F89608D-FACD-4533-89CB-36181F37FBF4}.Debug|Any CPU.ActiveCfg = Debug|Any CPU
		{9F89608D-FACD-4533-89CB-36181F37FBF4}.Debug|Any CPU.Build.0 = Debug|Any CPU
		{9F89608D-FACD-4533-89CB-36181F37FBF4}.Release|Any CPU.ActiveCfg = Release|Any CPU
		{9F89608D-FACD-4533-89CB-36181F37FBF4}.Release|Any CPU.Build.0 = Release|Any CPU
	EndGlobalSection
	GlobalSection(SolutionProperties) = preSolution
		HideSolutionNode = FALSE
	EndGlobalSection
	GlobalSection(ExtensibilityGlobals) = postSolution
		SolutionGuid = {650451DD-3A9F-4942-BF45-EEEAEF8F1EB5}
	EndGlobalSection
EndGlobal
