
Microsoft Visual Studio Solution File, Format Version 12.00
# Visual Studio Version 16
VisualStudioVersion = 16.0.31729.503
MinimumVisualStudioVersion = 10.0.40219.1
Project("{FAE04EC0-301F-11D3-BF4B-00C04F79EFBC}") = "ReverseTicTacToe", "Ex05\ReverseTicTacToe.csproj", "{C50A345E-2749-4207-8B2E-0669C150E4BB}"
EndProject
Global
	GlobalSection(SolutionConfigurationPlatforms) = preSolution
		Debug|Any CPU = Debug|Any CPU
		Release|Any CPU = Release|Any CPU
	EndGlobalSection
	GlobalSection(ProjectConfigurationPlatforms) = postSolution
		{C50A345E-2749-4207-8B2E-0669C150E4BB}.Debug|Any CPU.ActiveCfg = Release|Any CPU
		{C50A345E-2749-4207-8B2E-0669C150E4BB}.Debug|Any CPU.Build.0 = Release|Any CPU
		{C50A345E-2749-4207-8B2E-0669C150E4BB}.Release|Any CPU.ActiveCfg = Release|Any CPU
		{C50A345E-2749-4207-8B2E-0669C150E4BB}.Release|Any CPU.Build.0 = Release|Any CPU
	EndGlobalSection
	GlobalSection(SolutionProperties) = preSolution
		HideSolutionNode = FALSE
	EndGlobalSection
	GlobalSection(ExtensibilityGlobals) = postSolution
		SolutionGuid = {15A62816-BA51-4F46-9FA7-D2ADA6D182EE}
	EndGlobalSection
EndGlobal
